// !$*UTF8*$!
{
	archiveVersion = 1;
	classes = {
	};
	objectVersion = 46;
	objects = {

/* Begin PBXBuildFile section */
		9AFD265419878EE800D03CB0 /* Foundation.framework in Frameworks */ = {isa = PBXBuildFile; fileRef = 9AFD265319878EE800D03CB0 /* Foundation.framework */; };
		9AFD265619878EE800D03CB0 /* CoreGraphics.framework in Frameworks */ = {isa = PBXBuildFile; fileRef = 9AFD265519878EE800D03CB0 /* CoreGraphics.framework */; };
		9AFD265819878EE800D03CB0 /* UIKit.framework in Frameworks */ = {isa = PBXBuildFile; fileRef = 9AFD265719878EE800D03CB0 /* UIKit.framework */; };
		9AFD265E19878EE800D03CB0 /* InfoPlist.strings in Resources */ = {isa = PBXBuildFile; fileRef = 9AFD265C19878EE800D03CB0 /* InfoPlist.strings */; };
		9AFD266019878EE800D03CB0 /* main.m in Sources */ = {isa = PBXBuildFile; fileRef = 9AFD265F19878EE800D03CB0 /* main.m */; };
		9AFD266419878EE800D03CB0 /* NIAppDelegate.m in Sources */ = {isa = PBXBuildFile; fileRef = 9AFD266319878EE800D03CB0 /* NIAppDelegate.m */; };
		9AFD266719878EE800D03CB0 /* Main_iPhone.storyboard in Resources */ = {isa = PBXBuildFile; fileRef = 9AFD266519878EE800D03CB0 /* Main_iPhone.storyboard */; };
		9AFD266A19878EE800D03CB0 /* Main_iPad.storyboard in Resources */ = {isa = PBXBuildFile; fileRef = 9AFD266819878EE800D03CB0 /* Main_iPad.storyboard */; };
		9AFD266D19878EE800D03CB0 /* NIDetailViewController.m in Sources */ = {isa = PBXBuildFile; fileRef = 9AFD266C19878EE800D03CB0 /* NIDetailViewController.m */; };
		9AFD266F19878EE800D03CB0 /* Images.xcassets in Resources */ = {isa = PBXBuildFile; fileRef = 9AFD266E19878EE800D03CB0 /* Images.xcassets */; };
		9AFD267619878EE800D03CB0 /* XCTest.framework in Frameworks */ = {isa = PBXBuildFile; fileRef = 9AFD267519878EE800D03CB0 /* XCTest.framework */; };
		9AFD267719878EE800D03CB0 /* Foundation.framework in Frameworks */ = {isa = PBXBuildFile; fileRef = 9AFD265319878EE800D03CB0 /* Foundation.framework */; };
		9AFD267819878EE800D03CB0 /* UIKit.framework in Frameworks */ = {isa = PBXBuildFile; fileRef = 9AFD265719878EE800D03CB0 /* UIKit.framework */; };
		9AFD26981987F89B00D03CB0 /* NIConversationInputAccessoryView.m in Sources */ = {isa = PBXBuildFile; fileRef = 9AFD26901987F89B00D03CB0 /* NIConversationInputAccessoryView.m */; };
		9AFD26991987F89B00D03CB0 /* HPGrowingTextView.m in Sources */ = {isa = PBXBuildFile; fileRef = 9AFD26931987F89B00D03CB0 /* HPGrowingTextView.m */; };
		9AFD269A1987F89B00D03CB0 /* HPTextViewInternal.m in Sources */ = {isa = PBXBuildFile; fileRef = 9AFD26951987F89B00D03CB0 /* HPTextViewInternal.m */; };
		9AFD269B1987F89B00D03CB0 /* NIGrowingTextView.m in Sources */ = {isa = PBXBuildFile; fileRef = 9AFD26971987F89B00D03CB0 /* NIGrowingTextView.m */; };
		9AFD269F1987F8F900D03CB0 /* NSLayoutConstraint+Extensions.m in Sources */ = {isa = PBXBuildFile; fileRef = 9AFD269E1987F8F900D03CB0 /* NSLayoutConstraint+Extensions.m */; };
		9AFD26A31987FB4200D03CB0 /* NIButton.m in Sources */ = {isa = PBXBuildFile; fileRef = 9AFD26A11987FB4200D03CB0 /* NIButton.m */; };
		9AFD26A61988312700D03CB0 /* NIRootViewController.m in Sources */ = {isa = PBXBuildFile; fileRef = 9AFD26A51988312700D03CB0 /* NIRootViewController.m */; };
		9AFD26A91988345E00D03CB0 /* NIMasterViewController.m in Sources */ = {isa = PBXBuildFile; fileRef = 9AFD26A81988345E00D03CB0 /* NIMasterViewController.m */; };
/* End PBXBuildFile section */

/* Begin PBXContainerItemProxy section */
		9AFD267919878EE800D03CB0 /* PBXContainerItemProxy */ = {
			isa = PBXContainerItemProxy;
			containerPortal = 9AFD264819878EE800D03CB0 /* Project object */;
			proxyType = 1;
			remoteGlobalIDString = 9AFD264F19878EE800D03CB0;
			remoteInfo = InputAccessorySample;
		};
/* End PBXContainerItemProxy section */

/* Begin PBXFileReference section */
		9AFD265019878EE800D03CB0 /* InputAccessorySample.app */ = {isa = PBXFileReference; explicitFileType = wrapper.application; includeInIndex = 0; path = InputAccessorySample.app; sourceTree = BUILT_PRODUCTS_DIR; };
		9AFD265319878EE800D03CB0 /* Foundation.framework */ = {isa = PBXFileReference; lastKnownFileType = wrapper.framework; name = Foundation.framework; path = System/Library/Frameworks/Foundation.framework; sourceTree = SDKROOT; };
		9AFD265519878EE800D03CB0 /* CoreGraphics.framework */ = {isa = PBXFileReference; lastKnownFileType = wrapper.framework; name = CoreGraphics.framework; path = System/Library/Frameworks/CoreGraphics.framework; sourceTree = SDKROOT; };
		9AFD265719878EE800D03CB0 /* UIKit.framework */ = {isa = PBXFileReference; lastKnownFileType = wrapper.framework; name = UIKit.framework; path = System/Library/Frameworks/UIKit.framework; sourceTree = SDKROOT; };
		9AFD265B19878EE800D03CB0 /* InputAccessorySample-Info.plist */ = {isa = PBXFileReference; lastKnownFileType = text.plist.xml; path = "InputAccessorySample-Info.plist"; sourceTree = "<group>"; };
		9AFD265D19878EE800D03CB0 /* en */ = {isa = PBXFileReference; lastKnownFileType = text.plist.strings; name = en; path = en.lproj/InfoPlist.strings; sourceTree = "<group>"; };
		9AFD265F19878EE800D03CB0 /* main.m */ = {isa = PBXFileReference; lastKnownFileType = sourcecode.c.objc; path = main.m; sourceTree = "<group>"; };
		9AFD266119878EE800D03CB0 /* InputAccessorySample-Prefix.pch */ = {isa = PBXFileReference; lastKnownFileType = sourcecode.c.h; path = "InputAccessorySample-Prefix.pch"; sourceTree = "<group>"; };
		9AFD266219878EE800D03CB0 /* NIAppDelegate.h */ = {isa = PBXFileReference; lastKnownFileType = sourcecode.c.h; path = NIAppDelegate.h; sourceTree = "<group>"; };
		9AFD266319878EE800D03CB0 /* NIAppDelegate.m */ = {isa = PBXFileReference; lastKnownFileType = sourcecode.c.objc; path = NIAppDelegate.m; sourceTree = "<group>"; };
		9AFD266619878EE800D03CB0 /* Base */ = {isa = PBXFileReference; lastKnownFileType = file.storyboard; name = Base; path = Base.lproj/Main_iPhone.storyboard; sourceTree = "<group>"; };
		9AFD266919878EE800D03CB0 /* Base */ = {isa = PBXFileReference; lastKnownFileType = file.storyboard; name = Base; path = Base.lproj/Main_iPad.storyboard; sourceTree = "<group>"; };
		9AFD266B19878EE800D03CB0 /* NIDetailViewController.h */ = {isa = PBXFileReference; lastKnownFileType = sourcecode.c.h; path = NIDetailViewController.h; sourceTree = "<group>"; };
		9AFD266C19878EE800D03CB0 /* NIDetailViewController.m */ = {isa = PBXFileReference; lastKnownFileType = sourcecode.c.objc; path = NIDetailViewController.m; sourceTree = "<group>"; };
		9AFD266E19878EE800D03CB0 /* Images.xcassets */ = {isa = PBXFileReference; lastKnownFileType = folder.assetcatalog; path = Images.xcassets; sourceTree = "<group>"; };
		9AFD267419878EE800D03CB0 /* InputAccessorySampleTests.xctest */ = {isa = PBXFileReference; explicitFileType = wrapper.cfbundle; includeInIndex = 0; path = InputAccessorySampleTests.xctest; sourceTree = BUILT_PRODUCTS_DIR; };
		9AFD267519878EE800D03CB0 /* XCTest.framework */ = {isa = PBXFileReference; lastKnownFileType = wrapper.framework; name = XCTest.framework; path = Library/Frameworks/XCTest.framework; sourceTree = DEVELOPER_DIR; };
		9AFD268F1987F89B00D03CB0 /* NIConversationInputAccessoryView.h */ = {isa = PBXFileReference; fileEncoding = 4; lastKnownFileType = sourcecode.c.h; path = NIConversationInputAccessoryView.h; sourceTree = "<group>"; };
		9AFD26901987F89B00D03CB0 /* NIConversationInputAccessoryView.m */ = {isa = PBXFileReference; fileEncoding = 4; lastKnownFileType = sourcecode.c.objc; path = NIConversationInputAccessoryView.m; sourceTree = "<group>"; };
		9AFD26921987F89B00D03CB0 /* HPGrowingTextView.h */ = {isa = PBXFileReference; fileEncoding = 4; lastKnownFileType = sourcecode.c.h; path = HPGrowingTextView.h; sourceTree = "<group>"; };
		9AFD26931987F89B00D03CB0 /* HPGrowingTextView.m */ = {isa = PBXFileReference; fileEncoding = 4; lastKnownFileType = sourcecode.c.objc; path = HPGrowingTextView.m; sourceTree = "<group>"; };
		9AFD26941987F89B00D03CB0 /* HPTextViewInternal.h */ = {isa = PBXFileReference; fileEncoding = 4; lastKnownFileType = sourcecode.c.h; path = HPTextViewInternal.h; sourceTree = "<group>"; };
		9AFD26951987F89B00D03CB0 /* HPTextViewInternal.m */ = {isa = PBXFileReference; fileEncoding = 4; lastKnownFileType = sourcecode.c.objc; path = HPTextViewInternal.m; sourceTree = "<group>"; };
		9AFD26961987F89B00D03CB0 /* NIGrowingTextView.h */ = {isa = PBXFileReference; fileEncoding = 4; lastKnownFileType = sourcecode.c.h; path = NIGrowingTextView.h; sourceTree = "<group>"; };
		9AFD26971987F89B00D03CB0 /* NIGrowingTextView.m */ = {isa = PBXFileReference; fileEncoding = 4; lastKnownFileType = sourcecode.c.objc; path = NIGrowingTextView.m; sourceTree = "<group>"; };
		9AFD269D1987F8F900D03CB0 /* NSLayoutConstraint+Extensions.h */ = {isa = PBXFileReference; fileEncoding = 4; lastKnownFileType = sourcecode.c.h; path = "NSLayoutConstraint+Extensions.h"; sourceTree = "<group>"; };
		9AFD269E1987F8F900D03CB0 /* NSLayoutConstraint+Extensions.m */ = {isa = PBXFileReference; fileEncoding = 4; lastKnownFileType = sourcecode.c.objc; path = "NSLayoutConstraint+Extensions.m"; sourceTree = "<group>"; };
		9AFD26A11987FB4200D03CB0 /* NIButton.m */ = {isa = PBXFileReference; fileEncoding = 4; lastKnownFileType = sourcecode.c.objc; path = NIButton.m; sourceTree = "<group>"; };
		9AFD26A21987FB4200D03CB0 /* NIButton.h */ = {isa = PBXFileReference; fileEncoding = 4; lastKnownFileType = sourcecode.c.h; path = NIButton.h; sourceTree = "<group>"; };
		9AFD26A41988312700D03CB0 /* NIRootViewController.h */ = {isa = PBXFileReference; fileEncoding = 4; lastKnownFileType = sourcecode.c.h; path = NIRootViewController.h; sourceTree = "<group>"; };
		9AFD26A51988312700D03CB0 /* NIRootViewController.m */ = {isa = PBXFileReference; fileEncoding = 4; lastKnownFileType = sourcecode.c.objc; path = NIRootViewController.m; sourceTree = "<group>"; };
		9AFD26A71988345E00D03CB0 /* NIMasterViewController.h */ = {isa = PBXFileReference; fileEncoding = 4; lastKnownFileType = sourcecode.c.h; path = NIMasterViewController.h; sourceTree = "<group>"; };
		9AFD26A81988345E00D03CB0 /* NIMasterViewController.m */ = {isa = PBXFileReference; fileEncoding = 4; lastKnownFileType = sourcecode.c.objc; path = NIMasterViewController.m; sourceTree = "<group>"; };
/* End PBXFileReference section */

/* Begin PBXFrameworksBuildPhase section */
		9AFD264D19878EE800D03CB0 /* Frameworks */ = {
			isa = PBXFrameworksBuildPhase;
			buildActionMask = 2147483647;
			files = (
				9AFD265619878EE800D03CB0 /* CoreGraphics.framework in Frameworks */,
				9AFD265819878EE800D03CB0 /* UIKit.framework in Frameworks */,
				9AFD265419878EE800D03CB0 /* Foundation.framework in Frameworks */,
			);
			runOnlyForDeploymentPostprocessing = 0;
		};
		9AFD267119878EE800D03CB0 /* Frameworks */ = {
			isa = PBXFrameworksBuildPhase;
			buildActionMask = 2147483647;
			files = (
				9AFD267619878EE800D03CB0 /* XCTest.framework in Frameworks */,
				9AFD267819878EE800D03CB0 /* UIKit.framework in Frameworks */,
				9AFD267719878EE800D03CB0 /* Foundation.framework in Frameworks */,
			);
			runOnlyForDeploymentPostprocessing = 0;
		};
/* End PBXFrameworksBuildPhase section */

/* Begin PBXGroup section */
		9AFD264719878EE800D03CB0 = {
			isa = PBXGroup;
			children = (
				9AFD265919878EE800D03CB0 /* InputAccessorySample */,
				9AFD265219878EE800D03CB0 /* Frameworks */,
				9AFD265119878EE800D03CB0 /* Products */,
			);
			sourceTree = "<group>";
		};
		9AFD265119878EE800D03CB0 /* Products */ = {
			isa = PBXGroup;
			children = (
				9AFD265019878EE800D03CB0 /* InputAccessorySample.app */,
				9AFD267419878EE800D03CB0 /* InputAccessorySampleTests.xctest */,
			);
			name = Products;
			sourceTree = "<group>";
		};
		9AFD265219878EE800D03CB0 /* Frameworks */ = {
			isa = PBXGroup;
			children = (
				9AFD265319878EE800D03CB0 /* Foundation.framework */,
				9AFD265519878EE800D03CB0 /* CoreGraphics.framework */,
				9AFD265719878EE800D03CB0 /* UIKit.framework */,
				9AFD267519878EE800D03CB0 /* XCTest.framework */,
			);
			name = Frameworks;
			sourceTree = "<group>";
		};
		9AFD265919878EE800D03CB0 /* InputAccessorySample */ = {
			isa = PBXGroup;
			children = (
				9AFD269C1987F8F900D03CB0 /* Utils */,
				9AFD268E1987F89B00D03CB0 /* Views */,
				9AFD266219878EE800D03CB0 /* NIAppDelegate.h */,
				9AFD266319878EE800D03CB0 /* NIAppDelegate.m */,
				9AFD266519878EE800D03CB0 /* Main_iPhone.storyboard */,
				9AFD266819878EE800D03CB0 /* Main_iPad.storyboard */,
				9AFD266B19878EE800D03CB0 /* NIDetailViewController.h */,
				9AFD266C19878EE800D03CB0 /* NIDetailViewController.m */,
				9AFD266E19878EE800D03CB0 /* Images.xcassets */,
				9AFD265A19878EE800D03CB0 /* Supporting Files */,
				9AFD26A41988312700D03CB0 /* NIRootViewController.h */,
				9AFD26A51988312700D03CB0 /* NIRootViewController.m */,
				9AFD26A71988345E00D03CB0 /* NIMasterViewController.h */,
				9AFD26A81988345E00D03CB0 /* NIMasterViewController.m */,
			);
			path = InputAccessorySample;
			sourceTree = "<group>";
		};
		9AFD265A19878EE800D03CB0 /* Supporting Files */ = {
			isa = PBXGroup;
			children = (
				9AFD265B19878EE800D03CB0 /* InputAccessorySample-Info.plist */,
				9AFD265C19878EE800D03CB0 /* InfoPlist.strings */,
				9AFD265F19878EE800D03CB0 /* main.m */,
				9AFD266119878EE800D03CB0 /* InputAccessorySample-Prefix.pch */,
			);
			name = "Supporting Files";
			sourceTree = "<group>";
		};
		9AFD268E1987F89B00D03CB0 /* Views */ = {
			isa = PBXGroup;
			children = (
				9AFD26A21987FB4200D03CB0 /* NIButton.h */,
				9AFD26A11987FB4200D03CB0 /* NIButton.m */,
				9AFD268F1987F89B00D03CB0 /* NIConversationInputAccessoryView.h */,
				9AFD26901987F89B00D03CB0 /* NIConversationInputAccessoryView.m */,
				9AFD26911987F89B00D03CB0 /* GrowingTextView */,
			);
			path = Views;
			sourceTree = "<group>";
		};
		9AFD26911987F89B00D03CB0 /* GrowingTextView */ = {
			isa = PBXGroup;
			children = (
				9AFD26921987F89B00D03CB0 /* HPGrowingTextView.h */,
				9AFD26931987F89B00D03CB0 /* HPGrowingTextView.m */,
				9AFD26941987F89B00D03CB0 /* HPTextViewInternal.h */,
				9AFD26951987F89B00D03CB0 /* HPTextViewInternal.m */,
				9AFD26961987F89B00D03CB0 /* NIGrowingTextView.h */,
				9AFD26971987F89B00D03CB0 /* NIGrowingTextView.m */,
			);
			path = GrowingTextView;
			sourceTree = "<group>";
		};
		9AFD269C1987F8F900D03CB0 /* Utils */ = {
			isa = PBXGroup;
			children = (
				9AFD269D1987F8F900D03CB0 /* NSLayoutConstraint+Extensions.h */,
				9AFD269E1987F8F900D03CB0 /* NSLayoutConstraint+Extensions.m */,
			);
			path = Utils;
			sourceTree = "<group>";
		};
/* End PBXGroup section */

/* Begin PBXNativeTarget section */
		9AFD264F19878EE800D03CB0 /* InputAccessorySample */ = {
			isa = PBXNativeTarget;
			buildConfigurationList = 9AFD268519878EE800D03CB0 /* Build configuration list for PBXNativeTarget "InputAccessorySample" */;
			buildPhases = (
				9AFD264C19878EE800D03CB0 /* Sources */,
				9AFD264D19878EE800D03CB0 /* Frameworks */,
				9AFD264E19878EE800D03CB0 /* Resources */,
			);
			buildRules = (
			);
			dependencies = (
			);
			name = InputAccessorySample;
			productName = InputAccessorySample;
			productReference = 9AFD265019878EE800D03CB0 /* InputAccessorySample.app */;
			productType = "com.apple.product-type.application";
		};
		9AFD267319878EE800D03CB0 /* InputAccessorySampleTests */ = {
			isa = PBXNativeTarget;
			buildConfigurationList = 9AFD268819878EE800D03CB0 /* Build configuration list for PBXNativeTarget "InputAccessorySampleTests" */;
			buildPhases = (
				9AFD267019878EE800D03CB0 /* Sources */,
				9AFD267119878EE800D03CB0 /* Frameworks */,
				9AFD267219878EE800D03CB0 /* Resources */,
			);
			buildRules = (
			);
			dependencies = (
				9AFD267A19878EE800D03CB0 /* PBXTargetDependency */,
			);
			name = InputAccessorySampleTests;
			productName = InputAccessorySampleTests;
			productReference = 9AFD267419878EE800D03CB0 /* InputAccessorySampleTests.xctest */;
			productType = "com.apple.product-type.bundle.unit-test";
		};
/* End PBXNativeTarget section */

/* Begin PBXProject section */
		9AFD264819878EE800D03CB0 /* Project object */ = {
			isa = PBXProject;
			attributes = {
				LastUpgradeCheck = 0510;
				ORGANIZATIONNAME = NGTI;
				TargetAttributes = {
					9AFD267319878EE800D03CB0 = {
						TestTargetID = 9AFD264F19878EE800D03CB0;
					};
				};
			};
			buildConfigurationList = 9AFD264B19878EE800D03CB0 /* Build configuration list for PBXProject "InputAccessorySample" */;
			compatibilityVersion = "Xcode 3.2";
			developmentRegion = English;
			hasScannedForEncodings = 0;
			knownRegions = (
				en,
				Base,
			);
			mainGroup = 9AFD264719878EE800D03CB0;
			productRefGroup = 9AFD265119878EE800D03CB0 /* Products */;
			projectDirPath = "";
			projectRoot = "";
			targets = (
				9AFD264F19878EE800D03CB0 /* InputAccessorySample */,
				9AFD267319878EE800D03CB0 /* InputAccessorySampleTests */,
			);
		};
/* End PBXProject section */

/* Begin PBXResourcesBuildPhase section */
		9AFD264E19878EE800D03CB0 /* Resources */ = {
			isa = PBXResourcesBuildPhase;
			buildActionMask = 2147483647;
			files = (
				9AFD266A19878EE800D03CB0 /* Main_iPad.storyboard in Resources */,
				9AFD266F19878EE800D03CB0 /* Images.xcassets in Resources */,
				9AFD266719878EE800D03CB0 /* Main_iPhone.storyboard in Resources */,
				9AFD265E19878EE800D03CB0 /* InfoPlist.strings in Resources */,
			);
			runOnlyForDeploymentPostprocessing = 0;
		};
		9AFD267219878EE800D03CB0 /* Resources */ = {
			isa = PBXResourcesBuildPhase;
			buildActionMask = 2147483647;
			files = (
			);
			runOnlyForDeploymentPostprocessing = 0;
		};
/* End PBXResourcesBuildPhase section */

/* Begin PBXSourcesBuildPhase section */
		9AFD264C19878EE800D03CB0 /* Sources */ = {
			isa = PBXSourcesBuildPhase;
			buildActionMask = 2147483647;
			files = (
				9AFD269F1987F8F900D03CB0 /* NSLayoutConstraint+Extensions.m in Sources */,
				9AFD266D19878EE800D03CB0 /* NIDetailViewController.m in Sources */,
				9AFD26A61988312700D03CB0 /* NIRootViewController.m in Sources */,
				9AFD266419878EE800D03CB0 /* NIAppDelegate.m in Sources */,
				9AFD26981987F89B00D03CB0 /* NIConversationInputAccessoryView.m in Sources */,
				9AFD26A91988345E00D03CB0 /* NIMasterViewController.m in Sources */,
				9AFD269B1987F89B00D03CB0 /* NIGrowingTextView.m in Sources */,
				9AFD26991987F89B00D03CB0 /* HPGrowingTextView.m in Sources */,
				9AFD266019878EE800D03CB0 /* main.m in Sources */,
				9AFD269A1987F89B00D03CB0 /* HPTextViewInternal.m in Sources */,
				9AFD26A31987FB4200D03CB0 /* NIButton.m in Sources */,
			);
			runOnlyForDeploymentPostprocessing = 0;
		};
		9AFD267019878EE800D03CB0 /* Sources */ = {
			isa = PBXSourcesBuildPhase;
			buildActionMask = 2147483647;
			files = (
			);
			runOnlyForDeploymentPostprocessing = 0;
		};
/* End PBXSourcesBuildPhase section */

/* Begin PBXTargetDependency section */
		9AFD267A19878EE800D03CB0 /* PBXTargetDependency */ = {
			isa = PBXTargetDependency;
			target = 9AFD264F19878EE800D03CB0 /* InputAccessorySample */;
			targetProxy = 9AFD267919878EE800D03CB0 /* PBXContainerItemProxy */;
		};
/* End PBXTargetDependency section */

/* Begin PBXVariantGroup section */
		9AFD265C19878EE800D03CB0 /* InfoPlist.strings */ = {
			isa = PBXVariantGroup;
			children = (
				9AFD265D19878EE800D03CB0 /* en */,
			);
			name = InfoPlist.strings;
			sourceTree = "<group>";
		};
		9AFD266519878EE800D03CB0 /* Main_iPhone.storyboard */ = {
			isa = PBXVariantGroup;
			children = (
				9AFD266619878EE800D03CB0 /* Base */,
			);
			name = Main_iPhone.storyboard;
			sourceTree = "<group>";
		};
		9AFD266819878EE800D03CB0 /* Main_iPad.storyboard */ = {
			isa = PBXVariantGroup;
			children = (
				9AFD266919878EE800D03CB0 /* Base */,
			);
			name = Main_iPad.storyboard;
			sourceTree = "<group>";
		};
/* End PBXVariantGroup section */

/* Begin XCBuildConfiguration section */
		9AFD268319878EE800D03CB0 /* Debug */ = {
			isa = XCBuildConfiguration;
			buildSettings = {
				ALWAYS_SEARCH_USER_PATHS = NO;
				CLANG_CXX_LANGUAGE_STANDARD = "gnu++0x";
				CLANG_CXX_LIBRARY = "libc++";
				CLANG_ENABLE_MODULES = YES;
				CLANG_ENABLE_OBJC_ARC = YES;
				CLANG_WARN_BOOL_CONVERSION = YES;
				CLANG_WARN_CONSTANT_CONVERSION = YES;
				CLANG_WARN_DIRECT_OBJC_ISA_USAGE = YES_ERROR;
				CLANG_WARN_EMPTY_BODY = YES;
				CLANG_WARN_ENUM_CONVERSION = YES;
				CLANG_WARN_INT_CONVERSION = YES;
				CLANG_WARN_OBJC_ROOT_CLASS = YES_ERROR;
				CLANG_WARN__DUPLICATE_METHOD_MATCH = YES;
				"CODE_SIGN_IDENTITY[sdk=iphoneos*]" = "iPhone Developer";
				COPY_PHASE_STRIP = NO;
				GCC_C_LANGUAGE_STANDARD = gnu99;
				GCC_DYNAMIC_NO_PIC = NO;
				GCC_OPTIMIZATION_LEVEL = 0;
				GCC_PREPROCESSOR_DEFINITIONS = (
					"DEBUG=1",
					"$(inherited)",
				);
				GCC_SYMBOLS_PRIVATE_EXTERN = NO;
				GCC_WARN_64_TO_32_BIT_CONVERSION = YES;
				GCC_WARN_ABOUT_RETURN_TYPE = YES_ERROR;
				GCC_WARN_UNDECLARED_SELECTOR = YES;
				GCC_WARN_UNINITIALIZED_AUTOS = YES_AGGRESSIVE;
				GCC_WARN_UNUSED_FUNCTION = YES;
				GCC_WARN_UNUSED_VARIABLE = YES;
				IPHONEOS_DEPLOYMENT_TARGET = 7.1;
				ONLY_ACTIVE_ARCH = YES;
				SDKROOT = iphoneos;
				TARGETED_DEVICE_FAMILY = "1,2";
			};
			name = Debug;
		};
		9AFD268419878EE800D03CB0 /* Release */ = {
			isa = XCBuildConfiguration;
			buildSettings = {
				ALWAYS_SEARCH_USER_PATHS = NO;
				CLANG_CXX_LANGUAGE_STANDARD = "gnu++0x";
				CLANG_CXX_LIBRARY = "libc++";
				CLANG_ENABLE_MODULES = YES;
				CLANG_ENABLE_OBJC_ARC = YES;
				CLANG_WARN_BOOL_CONVERSION = YES;
				CLANG_WARN_CONSTANT_CONVERSION = YES;
				CLANG_WARN_DIRECT_OBJC_ISA_USAGE = YES_ERROR;
				CLANG_WARN_EMPTY_BODY = YES;
				CLANG_WARN_ENUM_CONVERSION = YES;
				CLANG_WARN_INT_CONVERSION = YES;
				CLANG_WARN_OBJC_ROOT_CLASS = YES_ERROR;
				CLANG_WARN__DUPLICATE_METHOD_MATCH = YES;
				"CODE_SIGN_IDENTITY[sdk=iphoneos*]" = "iPhone Developer";
				COPY_PHASE_STRIP = YES;
				ENABLE_NS_ASSERTIONS = NO;
				GCC_C_LANGUAGE_STANDARD = gnu99;
				GCC_WARN_64_TO_32_BIT_CONVERSION = YES;
				GCC_WARN_ABOUT_RETURN_TYPE = YES_ERROR;
				GCC_WARN_UNDECLARED_SELECTOR = YES;
				GCC_WARN_UNINITIALIZED_AUTOS = YES_AGGRESSIVE;
				GCC_WARN_UNUSED_FUNCTION = YES;
				GCC_WARN_UNUSED_VARIABLE = YES;
				IPHONEOS_DEPLOYMENT_TARGET = 7.1;
				SDKROOT = iphoneos;
				TARGETED_DEVICE_FAMILY = "1,2";
				VALIDATE_PRODUCT = YES;
			};
			name = Release;
		};
		9AFD268619878EE800D03CB0 /* Debug */ = {
			isa = XCBuildConfiguration;
			buildSettings = {
				ASSETCATALOG_COMPILER_APPICON_NAME = AppIcon;
				ASSETCATALOG_COMPILER_LAUNCHIMAGE_NAME = LaunchImage;
				GCC_PRECOMPILE_PREFIX_HEADER = YES;
				GCC_PREFIX_HEADER = "InputAccessorySample/InputAccessorySample-Prefix.pch";
				INFOPLIST_FILE = "InputAccessorySample/InputAccessorySample-Info.plist";
				IPHONEOS_DEPLOYMENT_TARGET = 7.0;
				PRODUCT_NAME = "$(TARGET_NAME)";
				WRAPPER_EXTENSION = app;
			};
			name = Debug;
		};
		9AFD268719878EE800D03CB0 /* Release */ = {
			isa = XCBuildConfiguration;
			buildSettings = {
				ASSETCATALOG_COMPILER_APPICON_NAME = AppIcon;
				ASSETCATALOG_COMPILER_LAUNCHIMAGE_NAME = LaunchImage;
				GCC_PRECOMPILE_PREFIX_HEADER = YES;
				GCC_PREFIX_HEADER = "InputAccessorySample/InputAccessorySample-Prefix.pch";
				INFOPLIST_FILE = "InputAccessorySample/InputAccessorySample-Info.plist";
				IPHONEOS_DEPLOYMENT_TARGET = 7.0;
				PRODUCT_NAME = "$(TARGET_NAME)";
				WRAPPER_EXTENSION = app;
			};
			name = Release;
		};
		9AFD268919878EE800D03CB0 /* Debug */ = {
			isa = XCBuildConfiguration;
			buildSettings = {
				BUNDLE_LOADER = "$(BUILT_PRODUCTS_DIR)/InputAccessorySample.app/InputAccessorySample";
				FRAMEWORK_SEARCH_PATHS = (
					"$(SDKROOT)/Developer/Library/Frameworks",
					"$(inherited)",
					"$(DEVELOPER_FRAMEWORKS_DIR)",
				);
				GCC_PRECOMPILE_PREFIX_HEADER = YES;
				GCC_PREFIX_HEADER = "InputAccessorySample/InputAccessorySample-Prefix.pch";
				GCC_PREPROCESSOR_DEFINITIONS = (
					"DEBUG=1",
					"$(inherited)",
				);
				INFOPLIST_FILE = "InputAccessorySampleTests/InputAccessorySampleTests-Info.plist";
				PRODUCT_NAME = "$(TARGET_NAME)";
				TEST_HOST = "$(BUNDLE_LOADER)";
				WRAPPER_EXTENSION = xctest;
			};
			name = Debug;
		};
		9AFD268A19878EE800D03CB0 /* Release */ = {
			isa = XCBuildConfiguration;
			buildSettings = {
				BUNDLE_LOADER = "$(BUILT_PRODUCTS_DIR)/InputAccessorySample.app/InputAccessorySample";
				FRAMEWORK_SEARCH_PATHS = (
					"$(SDKROOT)/Developer/Library/Frameworks",
					"$(inherited)",
					"$(DEVELOPER_FRAMEWORKS_DIR)",
				);
				GCC_PRECOMPILE_PREFIX_HEADER = YES;
				GCC_PREFIX_HEADER = "InputAccessorySample/InputAccessorySample-Prefix.pch";
				INFOPLIST_FILE = "InputAccessorySampleTests/InputAccessorySampleTests-Info.plist";
				PRODUCT_NAME = "$(TARGET_NAME)";
				TEST_HOST = "$(BUNDLE_LOADER)";
				WRAPPER_EXTENSION = xctest;
			};
			name = Release;
		};
/* End XCBuildConfiguration section */

/* Begin XCConfigurationList section */
		9AFD264B19878EE800D03CB0 /* Build configuration list for PBXProject "InputAccessorySample" */ = {
			isa = XCConfigurationList;
			buildConfigurations = (
				9AFD268319878EE800D03CB0 /* Debug */,
				9AFD268419878EE800D03CB0 /* Release */,
			);
			defaultConfigurationIsVisible = 0;
			defaultConfigurationName = Release;
		};
		9AFD268519878EE800D03CB0 /* Build configuration list for PBXNativeTarget "InputAccessorySample" */ = {
			isa = XCConfigurationList;
			buildConfigurations = (
				9AFD268619878EE800D03CB0 /* Debug */,
				9AFD268719878EE800D03CB0 /* Release */,
			);
			defaultConfigurationIsVisible = 0;
			defaultConfigurationName = Release;
		};
		9AFD268819878EE800D03CB0 /* Build configuration list for PBXNativeTarget "InputAccessorySampleTests" */ = {
			isa = XCConfigurationList;
			buildConfigurations = (
				9AFD268919878EE800D03CB0 /* Debug */,
				9AFD268A19878EE800D03CB0 /* Release */,
			);
			defaultConfigurationIsVisible = 0;
			defaultConfigurationName = Release;
		};
/* End XCConfigurationList section */
	};
	rootObject = 9AFD264819878EE800D03CB0 /* Project object */;
}
